// !$*UTF8*$!
{
	archiveVersion = 1;
	classes = {
	};
	objectVersion = 54;
	objects = {

/* Begin PBXBuildFile section */
		8705A40B290A0A730021018D /* GoogleService-Info.plist in Resources */ = {isa = PBXBuildFile; fileRef = 8705A40A290A0A730021018D /* GoogleService-Info.plist */; };
		8724835F2929FA1D0064DA72 /* Assets.xcassets in Resources */ = {isa = PBXBuildFile; fileRef = 8724835E2929FA1D0064DA72 /* Assets.xcassets */; };
		8746991229108A0D00AFC46F /* FirebaseAnalytics in Frameworks */ = {isa = PBXBuildFile; productRef = 8746991129108A0D00AFC46F /* FirebaseAnalytics */; };
		8746991429108A0D00AFC46F /* FirebaseAppCheck in Frameworks */ = {isa = PBXBuildFile; productRef = 8746991329108A0D00AFC46F /* FirebaseAppCheck */; };
		8746991629108A0D00AFC46F /* FirebaseAuth in Frameworks */ = {isa = PBXBuildFile; productRef = 8746991529108A0D00AFC46F /* FirebaseAuth */; };
		8746991829108A0D00AFC46F /* FirebaseDatabase in Frameworks */ = {isa = PBXBuildFile; productRef = 8746991729108A0D00AFC46F /* FirebaseDatabase */; };
		8746991A29108A0D00AFC46F /* FirebaseFirestore in Frameworks */ = {isa = PBXBuildFile; productRef = 8746991929108A0D00AFC46F /* FirebaseFirestore */; };
		8746991C2911184600AFC46F /* NewUserVC.swift in Sources */ = {isa = PBXBuildFile; fileRef = 8746991B2911184600AFC46F /* NewUserVC.swift */; };
		875D3D552919E5D800F2F180 /* ChatBubble.swift in Sources */ = {isa = PBXBuildFile; fileRef = 875D3D542919E5D800F2F180 /* ChatBubble.swift */; };
		877A98362900E0BE007E33EB /* AppDelegate.swift in Sources */ = {isa = PBXBuildFile; fileRef = 877A98352900E0BE007E33EB /* AppDelegate.swift */; };
		877A98382900E0BE007E33EB /* SceneDelegate.swift in Sources */ = {isa = PBXBuildFile; fileRef = 877A98372900E0BE007E33EB /* SceneDelegate.swift */; };
		877A983D2900E0BE007E33EB /* Main.storyboard in Resources */ = {isa = PBXBuildFile; fileRef = 877A983B2900E0BE007E33EB /* Main.storyboard */; };
		877A98422900E0C1007E33EB /* LaunchScreen.storyboard in Resources */ = {isa = PBXBuildFile; fileRef = 877A98402900E0C1007E33EB /* LaunchScreen.storyboard */; };
		877A986B2901F490007E33EB /* logo.png in Resources */ = {isa = PBXBuildFile; fileRef = 877A986A2901F490007E33EB /* logo.png */; };
		877A986E2901F538007E33EB /* LoginVC.swift in Sources */ = {isa = PBXBuildFile; fileRef = 877A986D2901F538007E33EB /* LoginVC.swift */; };
		877A98702901F667007E33EB /* UserTypeSelector.swift in Sources */ = {isa = PBXBuildFile; fileRef = 877A986F2901F667007E33EB /* UserTypeSelector.swift */; };
		87BF46BA292989AC0054F670 /* ChatTableVC.swift in Sources */ = {isa = PBXBuildFile; fileRef = 87BF46B9292989AC0054F670 /* ChatTableVC.swift */; };
		87BF46BC292989C40054F670 /* ChatBubbleTableViewCell.swift in Sources */ = {isa = PBXBuildFile; fileRef = 87BF46BB292989C40054F670 /* ChatBubbleTableViewCell.swift */; };
		87CC40002923114200ECC06A /* DetailTripVC.swift in Sources */ = {isa = PBXBuildFile; fileRef = 87CC3FFF2923114200ECC06A /* DetailTripVC.swift */; };
		87FE8BF8291190AB0090D279 /* OverAllNC.swift in Sources */ = {isa = PBXBuildFile; fileRef = 87FE8BF7291190AB0090D279 /* OverAllNC.swift */; };
		87FE8BFA2911A33A0090D279 /* AddTripVC.swift in Sources */ = {isa = PBXBuildFile; fileRef = 87FE8BF92911A3390090D279 /* AddTripVC.swift */; };
		87FE8BFE2911C1130090D279 /* SampleVC.swift in Sources */ = {isa = PBXBuildFile; fileRef = 87FE8BFD2911C1130090D279 /* SampleVC.swift */; };
		87FE8C01291255280090D279 /* Ride.swift in Sources */ = {isa = PBXBuildFile; fileRef = 87FE8C00291255280090D279 /* Ride.swift */; };
		87FE8C0329139E030090D279 /* Common.swift in Sources */ = {isa = PBXBuildFile; fileRef = 87FE8C0229139E030090D279 /* Common.swift */; };
		9935FE5A29073AC600B04C1C /* DriverDashboardTableViewCell.swift in Sources */ = {isa = PBXBuildFile; fileRef = 9935FE5929073AC600B04C1C /* DriverDashboardTableViewCell.swift */; };
		9935FE5C29073AE500B04C1C /* PassengerDashboardTableViewCell.swift in Sources */ = {isa = PBXBuildFile; fileRef = 9935FE5B29073AE500B04C1C /* PassengerDashboardTableViewCell.swift */; };
		993EA95129034F6E000EE435 /* PassengerDashboardTableVC.swift in Sources */ = {isa = PBXBuildFile; fileRef = 993EA95029034F6E000EE435 /* PassengerDashboardTableVC.swift */; };
		99D6A9B729034A6D003CC3B6 /* DriverDashboardTableVC.swift in Sources */ = {isa = PBXBuildFile; fileRef = 99D6A9B629034A6D003CC3B6 /* DriverDashboardTableVC.swift */; };
/* End PBXBuildFile section */

/* Begin PBXFileReference section */
		8705A40A290A0A730021018D /* GoogleService-Info.plist */ = {isa = PBXFileReference; fileEncoding = 4; lastKnownFileType = text.plist.xml; path = "GoogleService-Info.plist"; sourceTree = "<group>"; };
		8724835E2929FA1D0064DA72 /* Assets.xcassets */ = {isa = PBXFileReference; lastKnownFileType = folder.assetcatalog; path = Assets.xcassets; sourceTree = "<group>"; };
		8746991B2911184600AFC46F /* NewUserVC.swift */ = {isa = PBXFileReference; lastKnownFileType = sourcecode.swift; path = NewUserVC.swift; sourceTree = "<group>"; };
		875D3D542919E5D800F2F180 /* ChatBubble.swift */ = {isa = PBXFileReference; lastKnownFileType = sourcecode.swift; path = ChatBubble.swift; sourceTree = "<group>"; };
		877A98322900E0BE007E33EB /* Car Pool App.app */ = {isa = PBXFileReference; explicitFileType = wrapper.application; includeInIndex = 0; path = "Car Pool App.app"; sourceTree = BUILT_PRODUCTS_DIR; };
		877A98352900E0BE007E33EB /* AppDelegate.swift */ = {isa = PBXFileReference; lastKnownFileType = sourcecode.swift; path = AppDelegate.swift; sourceTree = "<group>"; };
		877A98372900E0BE007E33EB /* SceneDelegate.swift */ = {isa = PBXFileReference; lastKnownFileType = sourcecode.swift; path = SceneDelegate.swift; sourceTree = "<group>"; };
		877A983C2900E0BE007E33EB /* Base */ = {isa = PBXFileReference; lastKnownFileType = file.storyboard; name = Base; path = Base.lproj/Main.storyboard; sourceTree = "<group>"; };
		877A98412900E0C1007E33EB /* Base */ = {isa = PBXFileReference; lastKnownFileType = file.storyboard; name = Base; path = Base.lproj/LaunchScreen.storyboard; sourceTree = "<group>"; };
		877A98432900E0C1007E33EB /* Info.plist */ = {isa = PBXFileReference; lastKnownFileType = text.plist.xml; path = Info.plist; sourceTree = "<group>"; };
		877A986A2901F490007E33EB /* logo.png */ = {isa = PBXFileReference; lastKnownFileType = image.png; path = logo.png; sourceTree = "<group>"; };
		877A986D2901F538007E33EB /* LoginVC.swift */ = {isa = PBXFileReference; lastKnownFileType = sourcecode.swift; path = LoginVC.swift; sourceTree = "<group>"; };
		877A986F2901F667007E33EB /* UserTypeSelector.swift */ = {isa = PBXFileReference; lastKnownFileType = sourcecode.swift; path = UserTypeSelector.swift; sourceTree = "<group>"; };
		87BF46B9292989AC0054F670 /* ChatTableVC.swift */ = {isa = PBXFileReference; lastKnownFileType = sourcecode.swift; path = ChatTableVC.swift; sourceTree = "<group>"; };
		87BF46BB292989C40054F670 /* ChatBubbleTableViewCell.swift */ = {isa = PBXFileReference; lastKnownFileType = sourcecode.swift; path = ChatBubbleTableViewCell.swift; sourceTree = "<group>"; };
		87CC3FFF2923114200ECC06A /* DetailTripVC.swift */ = {isa = PBXFileReference; lastKnownFileType = sourcecode.swift; path = DetailTripVC.swift; sourceTree = "<group>"; };
		87FE8BF7291190AB0090D279 /* OverAllNC.swift */ = {isa = PBXFileReference; lastKnownFileType = sourcecode.swift; path = OverAllNC.swift; sourceTree = "<group>"; };
		87FE8BF92911A3390090D279 /* AddTripVC.swift */ = {isa = PBXFileReference; lastKnownFileType = sourcecode.swift; path = AddTripVC.swift; sourceTree = "<group>"; };
		87FE8BFD2911C1130090D279 /* SampleVC.swift */ = {isa = PBXFileReference; lastKnownFileType = sourcecode.swift; path = SampleVC.swift; sourceTree = "<group>"; };
		87FE8C00291255280090D279 /* Ride.swift */ = {isa = PBXFileReference; lastKnownFileType = sourcecode.swift; path = Ride.swift; sourceTree = "<group>"; };
		87FE8C0229139E030090D279 /* Common.swift */ = {isa = PBXFileReference; lastKnownFileType = sourcecode.swift; path = Common.swift; sourceTree = "<group>"; };
		9935FE5929073AC600B04C1C /* DriverDashboardTableViewCell.swift */ = {isa = PBXFileReference; lastKnownFileType = sourcecode.swift; path = DriverDashboardTableViewCell.swift; sourceTree = "<group>"; };
		9935FE5B29073AE500B04C1C /* PassengerDashboardTableViewCell.swift */ = {isa = PBXFileReference; lastKnownFileType = sourcecode.swift; path = PassengerDashboardTableViewCell.swift; sourceTree = "<group>"; };
		993EA95029034F6E000EE435 /* PassengerDashboardTableVC.swift */ = {isa = PBXFileReference; lastKnownFileType = sourcecode.swift; path = PassengerDashboardTableVC.swift; sourceTree = "<group>"; };
		99D6A9B629034A6D003CC3B6 /* DriverDashboardTableVC.swift */ = {isa = PBXFileReference; lastKnownFileType = sourcecode.swift; path = DriverDashboardTableVC.swift; sourceTree = "<group>"; };
/* End PBXFileReference section */

/* Begin PBXFrameworksBuildPhase section */
		877A982F2900E0BE007E33EB /* Frameworks */ = {
			isa = PBXFrameworksBuildPhase;
			buildActionMask = 2147483647;
			files = (
				8746991429108A0D00AFC46F /* FirebaseAppCheck in Frameworks */,
				8746991629108A0D00AFC46F /* FirebaseAuth in Frameworks */,
				8746991829108A0D00AFC46F /* FirebaseDatabase in Frameworks */,
				8746991A29108A0D00AFC46F /* FirebaseFirestore in Frameworks */,
				8746991229108A0D00AFC46F /* FirebaseAnalytics in Frameworks */,
			);
			runOnlyForDeploymentPostprocessing = 0;
		};
/* End PBXFrameworksBuildPhase section */

/* Begin PBXGroup section */
		8705A409290A0A620021018D /* service */ = {
			isa = PBXGroup;
			children = (
				8705A40A290A0A730021018D /* GoogleService-Info.plist */,
				87FE8C0229139E030090D279 /* Common.swift */,
			);
			path = service;
			sourceTree = "<group>";
		};
		877A98292900E0BE007E33EB = {
			isa = PBXGroup;
			children = (
				877A98342900E0BE007E33EB /* Car Pool App */,
				877A98332900E0BE007E33EB /* Products */,
			);
			sourceTree = "<group>";
		};
		877A98332900E0BE007E33EB /* Products */ = {
			isa = PBXGroup;
			children = (
				877A98322900E0BE007E33EB /* Car Pool App.app */,
			);
			name = Products;
			sourceTree = "<group>";
		};
		877A98342900E0BE007E33EB /* Car Pool App */ = {
			isa = PBXGroup;
			children = (
				87FE8BFF291254C40090D279 /* model */,
				8705A409290A0A620021018D /* service */,
				877A986C2901F513007E33EB /* controllers */,
				877A98692901F482007E33EB /* images */,
				877A98352900E0BE007E33EB /* AppDelegate.swift */,
				877A98372900E0BE007E33EB /* SceneDelegate.swift */,
				877A983B2900E0BE007E33EB /* Main.storyboard */,
				877A98402900E0C1007E33EB /* LaunchScreen.storyboard */,
				877A98432900E0C1007E33EB /* Info.plist */,
				8724835E2929FA1D0064DA72 /* Assets.xcassets */,
			);
			path = "Car Pool App";
			sourceTree = "<group>";
		};
		877A98692901F482007E33EB /* images */ = {
			isa = PBXGroup;
			children = (
				877A986A2901F490007E33EB /* logo.png */,
			);
			path = images;
			sourceTree = "<group>";
		};
		877A986C2901F513007E33EB /* controllers */ = {
			isa = PBXGroup;
			children = (
				87BF46B62929883B0054F670 /* chatroom */,
				9935FE562907335C00B04C1C /* table cells */,
				877A986D2901F538007E33EB /* LoginVC.swift */,
				877A986F2901F667007E33EB /* UserTypeSelector.swift */,
				99D6A9B629034A6D003CC3B6 /* DriverDashboardTableVC.swift */,
				993EA95029034F6E000EE435 /* PassengerDashboardTableVC.swift */,
				8746991B2911184600AFC46F /* NewUserVC.swift */,
				87FE8BF7291190AB0090D279 /* OverAllNC.swift */,
				87FE8BF92911A3390090D279 /* AddTripVC.swift */,
				87FE8BFD2911C1130090D279 /* SampleVC.swift */,
				87CC3FFF2923114200ECC06A /* DetailTripVC.swift */,
			);
			path = controllers;
			sourceTree = "<group>";
		};
		87BF46B62929883B0054F670 /* chatroom */ = {
			isa = PBXGroup;
			children = (
				87BF46B9292989AC0054F670 /* ChatTableVC.swift */,
				87BF46BB292989C40054F670 /* ChatBubbleTableViewCell.swift */,
			);
			path = chatroom;
			sourceTree = "<group>";
		};
		87FE8BFF291254C40090D279 /* model */ = {
			isa = PBXGroup;
			children = (
				87FE8C00291255280090D279 /* Ride.swift */,
				875D3D542919E5D800F2F180 /* ChatBubble.swift */,
			);
			path = model;
			sourceTree = "<group>";
		};
		9935FE562907335C00B04C1C /* table cells */ = {
			isa = PBXGroup;
			children = (
				9935FE5929073AC600B04C1C /* DriverDashboardTableViewCell.swift */,
				9935FE5B29073AE500B04C1C /* PassengerDashboardTableViewCell.swift */,
			);
			path = "table cells";
			sourceTree = "<group>";
		};
/* End PBXGroup section */

/* Begin PBXNativeTarget section */
		877A98312900E0BE007E33EB /* Car Pool App */ = {
			isa = PBXNativeTarget;
			buildConfigurationList = 877A98462900E0C1007E33EB /* Build configuration list for PBXNativeTarget "Car Pool App" */;
			buildPhases = (
				877A982E2900E0BE007E33EB /* Sources */,
				877A982F2900E0BE007E33EB /* Frameworks */,
				877A98302900E0BE007E33EB /* Resources */,
			);
			buildRules = (
			);
			dependencies = (
			);
			name = "Car Pool App";
			packageProductDependencies = (
				8746991129108A0D00AFC46F /* FirebaseAnalytics */,
				8746991329108A0D00AFC46F /* FirebaseAppCheck */,
				8746991529108A0D00AFC46F /* FirebaseAuth */,
				8746991729108A0D00AFC46F /* FirebaseDatabase */,
				8746991929108A0D00AFC46F /* FirebaseFirestore */,
			);
			productName = "Car Pool App";
			productReference = 877A98322900E0BE007E33EB /* Car Pool App.app */;
			productType = "com.apple.product-type.application";
		};
/* End PBXNativeTarget section */

/* Begin PBXProject section */
		877A982A2900E0BE007E33EB /* Project object */ = {
			isa = PBXProject;
			attributes = {
				BuildIndependentTargetsInParallel = 1;
				LastSwiftUpdateCheck = 1400;
				LastUpgradeCheck = 1400;
				TargetAttributes = {
					877A98312900E0BE007E33EB = {
						CreatedOnToolsVersion = 14.0.1;
					};
				};
			};
			buildConfigurationList = 877A982D2900E0BE007E33EB /* Build configuration list for PBXProject "Car Pool App" */;
			compatibilityVersion = "Xcode 12.0";
			developmentRegion = en;
			hasScannedForEncodings = 0;
			knownRegions = (
				en,
				Base,
			);
			mainGroup = 877A98292900E0BE007E33EB;
			packageReferences = (
				8746991029108A0D00AFC46F /* XCRemoteSwiftPackageReference "firebase-ios-sdk" */,
			);
			productRefGroup = 877A98332900E0BE007E33EB /* Products */;
			projectDirPath = "";
			projectRoot = "";
			targets = (
				877A98312900E0BE007E33EB /* Car Pool App */,
			);
		};
/* End PBXProject section */

/* Begin PBXResourcesBuildPhase section */
		877A98302900E0BE007E33EB /* Resources */ = {
			isa = PBXResourcesBuildPhase;
			buildActionMask = 2147483647;
			files = (
				877A986B2901F490007E33EB /* logo.png in Resources */,
				877A98422900E0C1007E33EB /* LaunchScreen.storyboard in Resources */,
				877A983D2900E0BE007E33EB /* Main.storyboard in Resources */,
				8705A40B290A0A730021018D /* GoogleService-Info.plist in Resources */,
				8724835F2929FA1D0064DA72 /* Assets.xcassets in Resources */,
			);
			runOnlyForDeploymentPostprocessing = 0;
		};
/* End PBXResourcesBuildPhase section */

/* Begin PBXSourcesBuildPhase section */
		877A982E2900E0BE007E33EB /* Sources */ = {
			isa = PBXSourcesBuildPhase;
			buildActionMask = 2147483647;
			files = (
				877A98362900E0BE007E33EB /* AppDelegate.swift in Sources */,
				87BF46BA292989AC0054F670 /* ChatTableVC.swift in Sources */,
				875D3D552919E5D800F2F180 /* ChatBubble.swift in Sources */,
				8746991C2911184600AFC46F /* NewUserVC.swift in Sources */,
				877A98382900E0BE007E33EB /* SceneDelegate.swift in Sources */,
				99D6A9B729034A6D003CC3B6 /* DriverDashboardTableVC.swift in Sources */,
				87FE8BFE2911C1130090D279 /* SampleVC.swift in Sources */,
				9935FE5A29073AC600B04C1C /* DriverDashboardTableViewCell.swift in Sources */,
				877A986E2901F538007E33EB /* LoginVC.swift in Sources */,
				87CC40002923114200ECC06A /* DetailTripVC.swift in Sources */,
				87FE8BFA2911A33A0090D279 /* AddTripVC.swift in Sources */,
				87FE8BF8291190AB0090D279 /* OverAllNC.swift in Sources */,
				87FE8C0329139E030090D279 /* Common.swift in Sources */,
				877A98702901F667007E33EB /* UserTypeSelector.swift in Sources */,
				87BF46BC292989C40054F670 /* ChatBubbleTableViewCell.swift in Sources */,
				993EA95129034F6E000EE435 /* PassengerDashboardTableVC.swift in Sources */,
				9935FE5C29073AE500B04C1C /* PassengerDashboardTableViewCell.swift in Sources */,
				87FE8C01291255280090D279 /* Ride.swift in Sources */,
			);
			runOnlyForDeploymentPostprocessing = 0;
		};
/* End PBXSourcesBuildPhase section */

/* Begin PBXVariantGroup section */
		877A983B2900E0BE007E33EB /* Main.storyboard */ = {
			isa = PBXVariantGroup;
			children = (
				877A983C2900E0BE007E33EB /* Base */,
			);
			name = Main.storyboard;
			sourceTree = "<group>";
		};
		877A98402900E0C1007E33EB /* LaunchScreen.storyboard */ = {
			isa = PBXVariantGroup;
			children = (
				877A98412900E0C1007E33EB /* Base */,
			);
			name = LaunchScreen.storyboard;
			sourceTree = "<group>";
		};
/* End PBXVariantGroup section */

/* Begin XCBuildConfiguration section */
		877A98442900E0C1007E33EB /* Debug */ = {
			isa = XCBuildConfiguration;
			buildSettings = {
				ALWAYS_SEARCH_USER_PATHS = NO;
				CLANG_ANALYZER_NONNULL = YES;
				CLANG_ANALYZER_NUMBER_OBJECT_CONVERSION = YES_AGGRESSIVE;
				CLANG_CXX_LANGUAGE_STANDARD = "gnu++20";
				CLANG_ENABLE_MODULES = YES;
				CLANG_ENABLE_OBJC_ARC = YES;
				CLANG_ENABLE_OBJC_WEAK = YES;
				CLANG_WARN_BLOCK_CAPTURE_AUTORELEASING = YES;
				CLANG_WARN_BOOL_CONVERSION = YES;
				CLANG_WARN_COMMA = YES;
				CLANG_WARN_CONSTANT_CONVERSION = YES;
				CLANG_WARN_DEPRECATED_OBJC_IMPLEMENTATIONS = YES;
				CLANG_WARN_DIRECT_OBJC_ISA_USAGE = YES_ERROR;
				CLANG_WARN_DOCUMENTATION_COMMENTS = YES;
				CLANG_WARN_EMPTY_BODY = YES;
				CLANG_WARN_ENUM_CONVERSION = YES;
				CLANG_WARN_INFINITE_RECURSION = YES;
				CLANG_WARN_INT_CONVERSION = YES;
				CLANG_WARN_NON_LITERAL_NULL_CONVERSION = YES;
				CLANG_WARN_OBJC_IMPLICIT_RETAIN_SELF = YES;
				CLANG_WARN_OBJC_LITERAL_CONVERSION = YES;
				CLANG_WARN_OBJC_ROOT_CLASS = YES_ERROR;
				CLANG_WARN_QUOTED_INCLUDE_IN_FRAMEWORK_HEADER = YES;
				CLANG_WARN_RANGE_LOOP_ANALYSIS = YES;
				CLANG_WARN_STRICT_PROTOTYPES = YES;
				CLANG_WARN_SUSPICIOUS_MOVE = YES;
				CLANG_WARN_UNGUARDED_AVAILABILITY = YES_AGGRESSIVE;
				CLANG_WARN_UNREACHABLE_CODE = YES;
				CLANG_WARN__DUPLICATE_METHOD_MATCH = YES;
				COPY_PHASE_STRIP = NO;
				DEBUG_INFORMATION_FORMAT = dwarf;
				ENABLE_STRICT_OBJC_MSGSEND = YES;
				ENABLE_TESTABILITY = YES;
				GCC_C_LANGUAGE_STANDARD = gnu11;
				GCC_DYNAMIC_NO_PIC = NO;
				GCC_NO_COMMON_BLOCKS = YES;
				GCC_OPTIMIZATION_LEVEL = 0;
				GCC_PREPROCESSOR_DEFINITIONS = (
					"DEBUG=1",
					"$(inherited)",
				);
				GCC_WARN_64_TO_32_BIT_CONVERSION = YES;
				GCC_WARN_ABOUT_RETURN_TYPE = YES_ERROR;
				GCC_WARN_UNDECLARED_SELECTOR = YES;
				GCC_WARN_UNINITIALIZED_AUTOS = YES_AGGRESSIVE;
				GCC_WARN_UNUSED_FUNCTION = YES;
				GCC_WARN_UNUSED_VARIABLE = YES;
				IPHONEOS_DEPLOYMENT_TARGET = 16.0;
				MTL_ENABLE_DEBUG_INFO = INCLUDE_SOURCE;
				MTL_FAST_MATH = YES;
				ONLY_ACTIVE_ARCH = YES;
				SDKROOT = iphoneos;
				SWIFT_ACTIVE_COMPILATION_CONDITIONS = DEBUG;
				SWIFT_OPTIMIZATION_LEVEL = "-Onone";
			};
			name = Debug;
		};
		877A98452900E0C1007E33EB /* Release */ = {
			isa = XCBuildConfiguration;
			buildSettings = {
				ALWAYS_SEARCH_USER_PATHS = NO;
				CLANG_ANALYZER_NONNULL = YES;
				CLANG_ANALYZER_NUMBER_OBJECT_CONVERSION = YES_AGGRESSIVE;
				CLANG_CXX_LANGUAGE_STANDARD = "gnu++20";
				CLANG_ENABLE_MODULES = YES;
				CLANG_ENABLE_OBJC_ARC = YES;
				CLANG_ENABLE_OBJC_WEAK = YES;
				CLANG_WARN_BLOCK_CAPTURE_AUTORELEASING = YES;
				CLANG_WARN_BOOL_CONVERSION = YES;
				CLANG_WARN_COMMA = YES;
				CLANG_WARN_CONSTANT_CONVERSION = YES;
				CLANG_WARN_DEPRECATED_OBJC_IMPLEMENTATIONS = YES;
				CLANG_WARN_DIRECT_OBJC_ISA_USAGE = YES_ERROR;
				CLANG_WARN_DOCUMENTATION_COMMENTS = YES;
				CLANG_WARN_EMPTY_BODY = YES;
				CLANG_WARN_ENUM_CONVERSION = YES;
				CLANG_WARN_INFINITE_RECURSION = YES;
				CLANG_WARN_INT_CONVERSION = YES;
				CLANG_WARN_NON_LITERAL_NULL_CONVERSION = YES;
				CLANG_WARN_OBJC_IMPLICIT_RETAIN_SELF = YES;
				CLANG_WARN_OBJC_LITERAL_CONVERSION = YES;
				CLANG_WARN_OBJC_ROOT_CLASS = YES_ERROR;
				CLANG_WARN_QUOTED_INCLUDE_IN_FRAMEWORK_HEADER = YES;
				CLANG_WARN_RANGE_LOOP_ANALYSIS = YES;
				CLANG_WARN_STRICT_PROTOTYPES = YES;
				CLANG_WARN_SUSPICIOUS_MOVE = YES;
				CLANG_WARN_UNGUARDED_AVAILABILITY = YES_AGGRESSIVE;
				CLANG_WARN_UNREACHABLE_CODE = YES;
				CLANG_WARN__DUPLICATE_METHOD_MATCH = YES;
				COPY_PHASE_STRIP = NO;
				DEBUG_INFORMATION_FORMAT = "dwarf-with-dsym";
				ENABLE_NS_ASSERTIONS = NO;
				ENABLE_STRICT_OBJC_MSGSEND = YES;
				GCC_C_LANGUAGE_STANDARD = gnu11;
				GCC_NO_COMMON_BLOCKS = YES;
				GCC_WARN_64_TO_32_BIT_CONVERSION = YES;
				GCC_WARN_ABOUT_RETURN_TYPE = YES_ERROR;
				GCC_WARN_UNDECLARED_SELECTOR = YES;
				GCC_WARN_UNINITIALIZED_AUTOS = YES_AGGRESSIVE;
				GCC_WARN_UNUSED_FUNCTION = YES;
				GCC_WARN_UNUSED_VARIABLE = YES;
				IPHONEOS_DEPLOYMENT_TARGET = 16.0;
				MTL_ENABLE_DEBUG_INFO = NO;
				MTL_FAST_MATH = YES;
				SDKROOT = iphoneos;
				SWIFT_COMPILATION_MODE = wholemodule;
				SWIFT_OPTIMIZATION_LEVEL = "-O";
				VALIDATE_PRODUCT = YES;
			};
			name = Release;
		};
		877A98472900E0C1007E33EB /* Debug */ = {
			isa = XCBuildConfiguration;
			buildSettings = {
				ASSETCATALOG_COMPILER_APPICON_NAME = AppIcon;
				ASSETCATALOG_COMPILER_GLOBAL_ACCENT_COLOR_NAME = AccentColor;
				CODE_SIGN_STYLE = Automatic;
				CURRENT_PROJECT_VERSION = 1;
				DEVELOPMENT_TEAM = XALG8J5B72;
				GENERATE_INFOPLIST_FILE = YES;
				INFOPLIST_FILE = "Car Pool App/Info.plist";
				INFOPLIST_KEY_LSApplicationCategoryType = "public.app-category.business";
				INFOPLIST_KEY_UIApplicationSupportsIndirectInputEvents = YES;
				INFOPLIST_KEY_UILaunchStoryboardName = Main.storyboard;
				INFOPLIST_KEY_UIMainStoryboardFile = Main;
				INFOPLIST_KEY_UISupportedInterfaceOrientations_iPad = "UIInterfaceOrientationPortrait UIInterfaceOrientationPortraitUpsideDown UIInterfaceOrientationLandscapeLeft UIInterfaceOrientationLandscapeRight";
				INFOPLIST_KEY_UISupportedInterfaceOrientations_iPhone = "UIInterfaceOrientationPortrait UIInterfaceOrientationLandscapeLeft UIInterfaceOrientationLandscapeRight";
				IPHONEOS_DEPLOYMENT_TARGET = 15.4;
				LD_RUNPATH_SEARCH_PATHS = (
					"$(inherited)",
					"@executable_path/Frameworks",
				);
				MARKETING_VERSION = 1.0;
				PRODUCT_BUNDLE_IDENTIFIER = "com.firebaseapp.mad-carpool.Car-Pool-App";
				PRODUCT_NAME = "$(TARGET_NAME)";
				SWIFT_EMIT_LOC_STRINGS = YES;
				SWIFT_VERSION = 5.0;
				TARGETED_DEVICE_FAMILY = "1,2";
			};
			name = Debug;
		};
		877A98482900E0C1007E33EB /* Release */ = {
			isa = XCBuildConfiguration;
			buildSettings = {
				ASSETCATALOG_COMPILER_APPICON_NAME = AppIcon;
				ASSETCATALOG_COMPILER_GLOBAL_ACCENT_COLOR_NAME = AccentColor;
				CODE_SIGN_STYLE = Automatic;
				CURRENT_PROJECT_VERSION = 1;
				DEVELOPMENT_TEAM = XALG8J5B72;
				GENERATE_INFOPLIST_FILE = YES;
				INFOPLIST_FILE = "Car Pool App/Info.plist";
				INFOPLIST_KEY_LSApplicationCategoryType = "public.app-category.business";
				INFOPLIST_KEY_UIApplicationSupportsIndirectInputEvents = YES;
				INFOPLIST_KEY_UILaunchStoryboardName = Main.storyboard;
				INFOPLIST_KEY_UIMainStoryboardFile = Main;
				INFOPLIST_KEY_UISupportedInterfaceOrientations_iPad = "UIInterfaceOrientationPortrait UIInterfaceOrientationPortraitUpsideDown UIInterfaceOrientationLandscapeLeft UIInterfaceOrientationLandscapeRight";
				INFOPLIST_KEY_UISupportedInterfaceOrientations_iPhone = "UIInterfaceOrientationPortrait UIInterfaceOrientationLandscapeLeft UIInterfaceOrientationLandscapeRight";
				IPHONEOS_DEPLOYMENT_TARGET = 15.4;
				LD_RUNPATH_SEARCH_PATHS = (
					"$(inherited)",
					"@executable_path/Frameworks",
				);
				MARKETING_VERSION = 1.0;
				PRODUCT_BUNDLE_IDENTIFIER = "com.firebaseapp.mad-carpool.Car-Pool-App";
				PRODUCT_NAME = "$(TARGET_NAME)";
				SWIFT_EMIT_LOC_STRINGS = YES;
				SWIFT_VERSION = 5.0;
				TARGETED_DEVICE_FAMILY = "1,2";
			};
			name = Release;
		};
/* End XCBuildConfiguration section */

/* Begin XCConfigurationList section */
		877A982D2900E0BE007E33EB /* Build configuration list for PBXProject "Car Pool App" */ = {
			isa = XCConfigurationList;
			buildConfigurations = (
				877A98442900E0C1007E33EB /* Debug */,
				877A98452900E0C1007E33EB /* Release */,
			);
			defaultConfigurationIsVisible = 0;
			defaultConfigurationName = Release;
		};
		877A98462900E0C1007E33EB /* Build configuration list for PBXNativeTarget "Car Pool App" */ = {
			isa = XCConfigurationList;
			buildConfigurations = (
				877A98472900E0C1007E33EB /* Debug */,
				877A98482900E0C1007E33EB /* Release */,
			);
			defaultConfigurationIsVisible = 0;
			defaultConfigurationName = Release;
		};
/* End XCConfigurationList section */

/* Begin XCRemoteSwiftPackageReference section */
		8746991029108A0D00AFC46F /* XCRemoteSwiftPackageReference "firebase-ios-sdk" */ = {
			isa = XCRemoteSwiftPackageReference;
			repositoryURL = "https://github.com/firebase/firebase-ios-sdk";
			requirement = {
				kind = upToNextMajorVersion;
				minimumVersion = 9.0.0;
			};
		};
/* End XCRemoteSwiftPackageReference section */

/* Begin XCSwiftPackageProductDependency section */
		8746991129108A0D00AFC46F /* FirebaseAnalytics */ = {
			isa = XCSwiftPackageProductDependency;
			package = 8746991029108A0D00AFC46F /* XCRemoteSwiftPackageReference "firebase-ios-sdk" */;
			productName = FirebaseAnalytics;
		};
		8746991329108A0D00AFC46F /* FirebaseAppCheck */ = {
			isa = XCSwiftPackageProductDependency;
			package = 8746991029108A0D00AFC46F /* XCRemoteSwiftPackageReference "firebase-ios-sdk" */;
			productName = FirebaseAppCheck;
		};
		8746991529108A0D00AFC46F /* FirebaseAuth */ = {
			isa = XCSwiftPackageProductDependency;
			package = 8746991029108A0D00AFC46F /* XCRemoteSwiftPackageReference "firebase-ios-sdk" */;
			productName = FirebaseAuth;
		};
		8746991729108A0D00AFC46F /* FirebaseDatabase */ = {
			isa = XCSwiftPackageProductDependency;
			package = 8746991029108A0D00AFC46F /* XCRemoteSwiftPackageReference "firebase-ios-sdk" */;
			productName = FirebaseDatabase;
		};
		8746991929108A0D00AFC46F /* FirebaseFirestore */ = {
			isa = XCSwiftPackageProductDependency;
			package = 8746991029108A0D00AFC46F /* XCRemoteSwiftPackageReference "firebase-ios-sdk" */;
			productName = FirebaseFirestore;
		};
/* End XCSwiftPackageProductDependency section */
	};
	rootObject = 877A982A2900E0BE007E33EB /* Project object */;
}
